{
  "version": 4,
  "terraform_version": "0.12.24",
  "serial": 32,
  "lineage": "dbb0c7a9-24cb-53a3-5efb-97e9ca57a0f2",
  "outputs": {},
  "resources": [
    {
      "module": "module.asg",
      "mode": "managed",
      "type": "azurerm_application_security_group",
      "name": "asg",
      "provider": "provider.azurerm",
      "instances": [
        {
          "schema_version": 0,
          "attributes": {
            "id": "/subscriptions/cac268a6-eb37-4048-a645-34b79e063341/resourceGroups/yjtest/providers/Microsoft.Network/applicationSecurityGroups/ASGyjtest",
            "location": "westeurope",
            "name": "ASGyjtest",
            "resource_group_name": "yjtest",
            "tags": {}
          },
          "private": "bnVsbA==",
          "dependencies": [
            "module.rg.azurerm_resource_group.cluster"
          ]
        }
      ]
    },
    {
      "module": "module.infra",
      "mode": "managed",
      "type": "azurerm_availability_set",
      "name": "infra",
      "provider": "provider.azurerm",
      "instances": [
        {
          "schema_version": 0,
          "attributes": {
            "id": "/subscriptions/cac268a6-eb37-4048-a645-34b79e063341/resourceGroups/yjtest/providers/Microsoft.Compute/availabilitySets/ASTyjtestINFRA",
            "location": "westeurope",
            "managed": true,
            "name": "ASTyjtestINFRA",
            "platform_fault_domain_count": 3,
            "platform_update_domain_count": 5,
            "resource_group_name": "yjtest",
            "tags": {}
          },
          "private": "bnVsbA==",
          "dependencies": [
            "module.rg.azurerm_resource_group.cluster"
          ]
        }
      ]
    },
    {
      "module": "module.master",
      "mode": "managed",
      "type": "azurerm_availability_set",
      "name": "master",
      "provider": "provider.azurerm",
      "instances": [
        {
          "schema_version": 0,
          "attributes": {
            "id": "/subscriptions/cac268a6-eb37-4048-a645-34b79e063341/resourceGroups/yjtest/providers/Microsoft.Compute/availabilitySets/ASTyjtestMASTER",
            "location": "westeurope",
            "managed": true,
            "name": "ASTyjtestMASTER",
            "platform_fault_domain_count": 3,
            "platform_update_domain_count": 5,
            "resource_group_name": "yjtest",
            "tags": {}
          },
          "private": "bnVsbA==",
          "dependencies": [
            "module.rg.azurerm_resource_group.cluster"
          ]
        }
      ]
    },
    {
      "module": "module.node",
      "mode": "managed",
      "type": "azurerm_availability_set",
      "name": "node",
      "provider": "provider.azurerm",
      "instances": [
        {
          "schema_version": 0,
          "attributes": {
            "id": "/subscriptions/cac268a6-eb37-4048-a645-34b79e063341/resourceGroups/yjtest/providers/Microsoft.Compute/availabilitySets/ASTyjtestNODE",
            "location": "westeurope",
            "managed": true,
            "name": "ASTyjtestNODE",
            "platform_fault_domain_count": 3,
            "platform_update_domain_count": 5,
            "resource_group_name": "yjtest",
            "tags": {}
          },
          "private": "bnVsbA==",
          "dependencies": [
            "module.rg.azurerm_resource_group.cluster"
          ]
        }
      ]
    },
    {
      "module": "module.lb",
      "mode": "managed",
      "type": "azurerm_lb_backend_address_pool",
      "name": "lbapi",
      "provider": "provider.azurerm",
      "instances": []
    },
    {
      "module": "module.lb",
      "mode": "managed",
      "type": "azurerm_lb_backend_address_pool",
      "name": "lbrouter",
      "provider": "provider.azurerm",
      "instances": []
    },
    {
      "module": "module.lb",
      "mode": "managed",
      "type": "azurerm_lb_probe",
      "name": "lbapi",
      "provider": "provider.azurerm",
      "instances": []
    },
    {
      "module": "module.lb",
      "mode": "managed",
      "type": "azurerm_lb_probe",
      "name": "lbrouter_01",
      "provider": "provider.azurerm",
      "instances": []
    },
    {
      "module": "module.lb",
      "mode": "managed",
      "type": "azurerm_lb_probe",
      "name": "lbrouter_02",
      "provider": "provider.azurerm",
      "instances": []
    },
    {
      "module": "module.lb",
      "mode": "managed",
      "type": "azurerm_lb_rule",
      "name": "example",
      "provider": "provider.azurerm",
      "instances": []
    },
    {
      "module": "module.infra",
      "mode": "managed",
      "type": "azurerm_network_interface",
      "name": "infra",
      "each": "list",
      "provider": "provider.azurerm",
      "instances": []
    },
    {
      "module": "module.master",
      "mode": "managed",
      "type": "azurerm_network_interface",
      "name": "master",
      "each": "list",
      "provider": "provider.azurerm",
      "instances": []
    },
    {
      "module": "module.node",
      "mode": "managed",
      "type": "azurerm_network_interface",
      "name": "node",
      "each": "list",
      "provider": "provider.azurerm",
      "instances": []
    },
    {
      "module": "module.infra",
      "mode": "managed",
      "type": "azurerm_network_interface_application_security_group_association",
      "name": "infra",
      "each": "list",
      "provider": "provider.azurerm",
      "instances": []
    },
    {
      "module": "module.master",
      "mode": "managed",
      "type": "azurerm_network_interface_application_security_group_association",
      "name": "master",
      "each": "list",
      "provider": "provider.azurerm",
      "instances": []
    },
    {
      "module": "module.node",
      "mode": "managed",
      "type": "azurerm_network_interface_application_security_group_association",
      "name": "node",
      "each": "list",
      "provider": "provider.azurerm",
      "instances": []
    },
    {
      "module": "module.infra",
      "mode": "managed",
      "type": "azurerm_network_interface_backend_address_pool_association",
      "name": "infra",
      "each": "list",
      "provider": "provider.azurerm",
      "instances": []
    },
    {
      "module": "module.master",
      "mode": "managed",
      "type": "azurerm_network_interface_backend_address_pool_association",
      "name": "master",
      "each": "list",
      "provider": "provider.azurerm",
      "instances": []
    },
    {
      "module": "module.infra",
      "mode": "managed",
      "type": "azurerm_network_security_group",
      "name": "infraNsg",
      "provider": "provider.azurerm",
      "instances": [
        {
          "schema_version": 0,
          "attributes": {
            "id": "/subscriptions/cac268a6-eb37-4048-a645-34b79e063341/resourceGroups/yjtest/providers/Microsoft.Network/networkSecurityGroups/NSGyjtestINFRA",
            "location": "westeurope",
            "name": "NSGyjtestINFRA",
            "resource_group_name": "yjtest",
            "security_rule": [],
            "tags": {}
          },
          "private": "bnVsbA==",
          "dependencies": [
            "module.rg.azurerm_resource_group.cluster"
          ]
        }
      ]
    },
    {
      "module": "module.master",
      "mode": "managed",
      "type": "azurerm_network_security_group",
      "name": "masterNsg",
      "provider": "provider.azurerm",
      "instances": [
        {
          "schema_version": 0,
          "attributes": {
            "id": "/subscriptions/cac268a6-eb37-4048-a645-34b79e063341/resourceGroups/yjtest/providers/Microsoft.Network/networkSecurityGroups/NSGyjtestMASTER",
            "location": "westeurope",
            "name": "NSGyjtestMASTER",
            "resource_group_name": "yjtest",
            "security_rule": [],
            "tags": {}
          },
          "private": "bnVsbA==",
          "dependencies": [
            "module.rg.azurerm_resource_group.cluster"
          ]
        }
      ]
    },
    {
      "module": "module.node",
      "mode": "managed",
      "type": "azurerm_network_security_group",
      "name": "nodeNsg",
      "provider": "provider.azurerm",
      "instances": [
        {
          "schema_version": 0,
          "attributes": {
            "id": "/subscriptions/cac268a6-eb37-4048-a645-34b79e063341/resourceGroups/yjtest/providers/Microsoft.Network/networkSecurityGroups/NSGyjtestNODE",
            "location": "westeurope",
            "name": "NSGyjtestNODE",
            "resource_group_name": "yjtest",
            "security_rule": [],
            "tags": {}
          },
          "private": "bnVsbA==",
          "dependencies": [
            "module.rg.azurerm_resource_group.cluster"
          ]
        }
      ]
    },
    {
      "module": "module.master",
      "mode": "managed",
      "type": "azurerm_network_security_rule",
      "name": "MasterNsgETCD",
      "provider": "provider.azurerm",
      "instances": [
        {
          "schema_version": 0,
          "attributes": {
            "access": "Allow",
            "description": "Openshift ETCD service ports",
            "destination_address_prefix": "*",
            "destination_address_prefixes": null,
            "destination_application_security_group_ids": null,
            "destination_port_range": "",
            "destination_port_ranges": [
              "2379",
              "2380"
            ],
            "direction": "Inbound",
            "id": "/subscriptions/cac268a6-eb37-4048-a645-34b79e063341/resourceGroups/yjtest/providers/Microsoft.Network/networkSecurityGroups/NSGyjtestMASTER/securityRules/master-etcd",
            "name": "master-etcd",
            "network_security_group_name": "NSGyjtestMASTER",
            "priority": 525,
            "protocol": "Tcp",
            "resource_group_name": "yjtest",
            "source_address_prefix": "*",
            "source_address_prefixes": null,
            "source_application_security_group_ids": null,
            "source_port_range": "",
            "source_port_ranges": [
              "2379",
              "2380"
            ]
          },
          "private": "bnVsbA==",
          "dependencies": [
            "module.master.azurerm_network_security_group.masterNsg",
            "module.rg.azurerm_resource_group.cluster"
          ]
        }
      ]
    },
    {
      "module": "module.master",
      "mode": "managed",
      "type": "azurerm_network_security_rule",
      "name": "MasterNsgSSH",
      "provider": "provider.azurerm",
      "instances": [
        {
          "schema_version": 0,
          "attributes": {
            "access": "Allow",
            "description": "Openshift SSH from the bastions",
            "destination_address_prefix": "*",
            "destination_address_prefixes": null,
            "destination_application_security_group_ids": null,
            "destination_port_range": "22",
            "destination_port_ranges": null,
            "direction": "Inbound",
            "id": "/subscriptions/cac268a6-eb37-4048-a645-34b79e063341/resourceGroups/yjtest/providers/Microsoft.Network/networkSecurityGroups/NSGyjtestMASTER/securityRules/master-ssh",
            "name": "master-ssh",
            "network_security_group_name": "NSGyjtestMASTER",
            "priority": 500,
            "protocol": "Tcp",
            "resource_group_name": "yjtest",
            "source_address_prefix": "10.244.253.111",
            "source_address_prefixes": null,
            "source_application_security_group_ids": null,
            "source_port_range": "22",
            "source_port_ranges": null
          },
          "private": "bnVsbA==",
          "dependencies": [
            "module.master.azurerm_network_security_group.masterNsg",
            "module.rg.azurerm_resource_group.cluster"
          ]
        }
      ]
    },
    {
      "module": "module.node",
      "mode": "managed",
      "type": "azurerm_network_security_rule",
      "name": "NodeDenyAll",
      "provider": "provider.azurerm",
      "instances": [
        {
          "schema_version": 0,
          "attributes": {
            "access": "Deny",
            "description": "",
            "destination_address_prefix": "*",
            "destination_address_prefixes": null,
            "destination_application_security_group_ids": null,
            "destination_port_range": "*",
            "destination_port_ranges": null,
            "direction": "Inbound",
            "id": "/subscriptions/cac268a6-eb37-4048-a645-34b79e063341/resourceGroups/yjtest/providers/Microsoft.Network/networkSecurityGroups/NSGyjtestNODE/securityRules/DenyAll",
            "name": "DenyAll",
            "network_security_group_name": "NSGyjtestNODE",
            "priority": 4096,
            "protocol": "*",
            "resource_group_name": "yjtest",
            "source_address_prefix": "*",
            "source_address_prefixes": null,
            "source_application_security_group_ids": null,
            "source_port_range": "*",
            "source_port_ranges": null
          },
          "private": "bnVsbA==",
          "dependencies": [
            "module.node.azurerm_network_security_group.nodeNsg",
            "module.rg.azurerm_resource_group.cluster"
          ]
        }
      ]
    },
    {
      "module": "module.infra",
      "mode": "managed",
      "type": "azurerm_network_security_rule",
      "name": "infraDenyAll",
      "provider": "provider.azurerm",
      "instances": [
        {
          "schema_version": 0,
          "attributes": {
            "access": "Deny",
            "description": "",
            "destination_address_prefix": "*",
            "destination_address_prefixes": null,
            "destination_application_security_group_ids": null,
            "destination_port_range": "*",
            "destination_port_ranges": null,
            "direction": "Inbound",
            "id": "/subscriptions/cac268a6-eb37-4048-a645-34b79e063341/resourceGroups/yjtest/providers/Microsoft.Network/networkSecurityGroups/NSGyjtestINFRA/securityRules/DenyAll",
            "name": "DenyAll",
            "network_security_group_name": "NSGyjtestINFRA",
            "priority": 4096,
            "protocol": "*",
            "resource_group_name": "yjtest",
            "source_address_prefix": "*",
            "source_address_prefixes": null,
            "source_application_security_group_ids": null,
            "source_port_range": "*",
            "source_port_ranges": null
          },
          "private": "bnVsbA==",
          "dependencies": [
            "module.infra.azurerm_network_security_group.infraNsg",
            "module.rg.azurerm_resource_group.cluster"
          ]
        }
      ]
    },
    {
      "module": "module.infra",
      "mode": "managed",
      "type": "azurerm_network_security_rule",
      "name": "infraNsgKubelet",
      "provider": "provider.azurerm",
      "instances": [
        {
          "schema_version": 0,
          "attributes": {
            "access": "Allow",
            "description": "Openshift kubelet",
            "destination_address_prefix": "",
            "destination_address_prefixes": null,
            "destination_application_security_group_ids": [
              "/subscriptions/cac268a6-eb37-4048-a645-34b79e063341/resourceGroups/yjtest/providers/Microsoft.Network/applicationSecurityGroups/ASGyjtest"
            ],
            "destination_port_range": "10250",
            "destination_port_ranges": null,
            "direction": "Inbound",
            "id": "/subscriptions/cac268a6-eb37-4048-a645-34b79e063341/resourceGroups/yjtest/providers/Microsoft.Network/networkSecurityGroups/NSGyjtestINFRA/securityRules/infra-node-kubelet",
            "name": "infra-node-kubelet",
            "network_security_group_name": "NSGyjtestINFRA",
            "priority": 575,
            "protocol": "Tcp",
            "resource_group_name": "yjtest",
            "source_address_prefix": "",
            "source_address_prefixes": null,
            "source_application_security_group_ids": [
              "/subscriptions/cac268a6-eb37-4048-a645-34b79e063341/resourceGroups/yjtest/providers/Microsoft.Network/applicationSecurityGroups/ASGyjtest"
            ],
            "source_port_range": "*",
            "source_port_ranges": null
          },
          "private": "bnVsbA==",
          "dependencies": [
            "module.asg.azurerm_application_security_group.asg",
            "module.infra.azurerm_network_security_group.infraNsg",
            "module.rg.azurerm_resource_group.cluster"
          ]
        }
      ]
    },
    {
      "module": "module.infra",
      "mode": "managed",
      "type": "azurerm_network_security_rule",
      "name": "infraNsgPorts",
      "provider": "provider.azurerm",
      "instances": [
        {
          "schema_version": 0,
          "attributes": {
            "access": "Allow",
            "description": "Openshift ElasticSearch",
            "destination_address_prefix": "*",
            "destination_address_prefixes": null,
            "destination_application_security_group_ids": null,
            "destination_port_range": "",
            "destination_port_ranges": [
              "9200",
              "9300"
            ],
            "direction": "Inbound",
            "id": "/subscriptions/cac268a6-eb37-4048-a645-34b79e063341/resourceGroups/yjtest/providers/Microsoft.Network/networkSecurityGroups/NSGyjtestINFRA/securityRules/infra-ports",
            "name": "infra-ports",
            "network_security_group_name": "NSGyjtestINFRA",
            "priority": 550,
            "protocol": "Tcp",
            "resource_group_name": "yjtest",
            "source_address_prefix": "*",
            "source_address_prefixes": null,
            "source_application_security_group_ids": null,
            "source_port_range": "*",
            "source_port_ranges": null
          },
          "private": "bnVsbA==",
          "dependencies": [
            "module.infra.azurerm_network_security_group.infraNsg",
            "module.rg.azurerm_resource_group.cluster"
          ]
        }
      ]
    },
    {
      "module": "module.infra",
      "mode": "managed",
      "type": "azurerm_network_security_rule",
      "name": "infraNsgRouter",
      "provider": "provider.azurerm",
      "instances": [
        {
          "schema_version": 0,
          "attributes": {
            "access": "Allow",
            "description": "Openshift router",
            "destination_address_prefix": "*",
            "destination_address_prefixes": null,
            "destination_application_security_group_ids": null,
            "destination_port_range": "",
            "destination_port_ranges": [
              "443",
              "80"
            ],
            "direction": "Inbound",
            "id": "/subscriptions/cac268a6-eb37-4048-a645-34b79e063341/resourceGroups/yjtest/providers/Microsoft.Network/networkSecurityGroups/NSGyjtestINFRA/securityRules/infra-router-ports",
            "name": "infra-router-ports",
            "network_security_group_name": "NSGyjtestINFRA",
            "priority": 525,
            "protocol": "Tcp",
            "resource_group_name": "yjtest",
            "source_address_prefix": "AzureLoadBalancer",
            "source_address_prefixes": null,
            "source_application_security_group_ids": null,
            "source_port_range": "*",
            "source_port_ranges": null
          },
          "private": "bnVsbA==",
          "dependencies": [
            "module.infra.azurerm_network_security_group.infraNsg",
            "module.rg.azurerm_resource_group.cluster"
          ]
        }
      ]
    },
    {
      "module": "module.infra",
      "mode": "managed",
      "type": "azurerm_network_security_rule",
      "name": "infraNsgRouter-2",
      "provider": "provider.azurerm",
      "instances": [
        {
          "schema_version": 0,
          "attributes": {
            "access": "Allow",
            "description": "Openshift router ports",
            "destination_address_prefix": "*",
            "destination_address_prefixes": null,
            "destination_application_security_group_ids": null,
            "destination_port_range": "",
            "destination_port_ranges": [
              "443",
              "80"
            ],
            "direction": "Inbound",
            "id": "/subscriptions/cac268a6-eb37-4048-a645-34b79e063341/resourceGroups/yjtest/providers/Microsoft.Network/networkSecurityGroups/NSGyjtestINFRA/securityRules/infra-router-ports-2",
            "name": "infra-router-ports-2",
            "network_security_group_name": "NSGyjtestINFRA",
            "priority": 625,
            "protocol": "Tcp",
            "resource_group_name": "yjtest",
            "source_address_prefix": "*",
            "source_address_prefixes": null,
            "source_application_security_group_ids": null,
            "source_port_range": "*",
            "source_port_ranges": null
          },
          "private": "bnVsbA==",
          "dependencies": [
            "module.infra.azurerm_network_security_group.infraNsg",
            "module.rg.azurerm_resource_group.cluster"
          ]
        }
      ]
    },
    {
      "module": "module.infra",
      "mode": "managed",
      "type": "azurerm_network_security_rule",
      "name": "infraNsgSSH",
      "provider": "provider.azurerm",
      "instances": [
        {
          "schema_version": 0,
          "attributes": {
            "access": "Allow",
            "description": "Openshift SSH from the bastions",
            "destination_address_prefix": "*",
            "destination_address_prefixes": null,
            "destination_application_security_group_ids": null,
            "destination_port_range": "22",
            "destination_port_ranges": null,
            "direction": "Inbound",
            "id": "/subscriptions/cac268a6-eb37-4048-a645-34b79e063341/resourceGroups/yjtest/providers/Microsoft.Network/networkSecurityGroups/NSGyjtestINFRA/securityRules/infra-ssh",
            "name": "infra-ssh",
            "network_security_group_name": "NSGyjtestINFRA",
            "priority": 500,
            "protocol": "*",
            "resource_group_name": "yjtest",
            "source_address_prefix": "10.244.253.111",
            "source_address_prefixes": null,
            "source_application_security_group_ids": null,
            "source_port_range": "*",
            "source_port_ranges": null
          },
          "private": "bnVsbA==",
          "dependencies": [
            "module.infra.azurerm_network_security_group.infraNsg",
            "module.rg.azurerm_resource_group.cluster"
          ]
        }
      ]
    },
    {
      "module": "module.infra",
      "mode": "managed",
      "type": "azurerm_network_security_rule",
      "name": "infraNsgSdn",
      "provider": "provider.azurerm",
      "instances": [
        {
          "schema_version": 0,
          "attributes": {
            "access": "Allow",
            "description": "Openshift Sdn",
            "destination_address_prefix": "",
            "destination_address_prefixes": null,
            "destination_application_security_group_ids": [
              "/subscriptions/cac268a6-eb37-4048-a645-34b79e063341/resourceGroups/yjtest/providers/Microsoft.Network/applicationSecurityGroups/ASGyjtest"
            ],
            "destination_port_range": "4789",
            "destination_port_ranges": null,
            "direction": "Inbound",
            "id": "/subscriptions/cac268a6-eb37-4048-a645-34b79e063341/resourceGroups/yjtest/providers/Microsoft.Network/networkSecurityGroups/NSGyjtestINFRA/securityRules/infra-node-sdn",
            "name": "infra-node-sdn",
            "network_security_group_name": "NSGyjtestINFRA",
            "priority": 600,
            "protocol": "Udp",
            "resource_group_name": "yjtest",
            "source_address_prefix": "",
            "source_address_prefixes": null,
            "source_application_security_group_ids": [
              "/subscriptions/cac268a6-eb37-4048-a645-34b79e063341/resourceGroups/yjtest/providers/Microsoft.Network/applicationSecurityGroups/ASGyjtest"
            ],
            "source_port_range": "*",
            "source_port_ranges": null
          },
          "private": "bnVsbA==",
          "dependencies": [
            "module.asg.azurerm_application_security_group.asg",
            "module.infra.azurerm_network_security_group.infraNsg",
            "module.rg.azurerm_resource_group.cluster"
          ]
        }
      ]
    },
    {
      "module": "module.master",
      "mode": "managed",
      "type": "azurerm_network_security_rule",
      "name": "masterDenyAll",
      "provider": "provider.azurerm",
      "instances": [
        {
          "schema_version": 0,
          "attributes": {
            "access": "Deny",
            "description": "",
            "destination_address_prefix": "*",
            "destination_address_prefixes": null,
            "destination_application_security_group_ids": null,
            "destination_port_range": "*",
            "destination_port_ranges": null,
            "direction": "Inbound",
            "id": "/subscriptions/cac268a6-eb37-4048-a645-34b79e063341/resourceGroups/yjtest/providers/Microsoft.Network/networkSecurityGroups/NSGyjtestMASTER/securityRules/DenyAll",
            "name": "DenyAll",
            "network_security_group_name": "NSGyjtestMASTER",
            "priority": 4096,
            "protocol": "*",
            "resource_group_name": "yjtest",
            "source_address_prefix": "*",
            "source_address_prefixes": null,
            "source_application_security_group_ids": null,
            "source_port_range": "*",
            "source_port_ranges": null
          },
          "private": "bnVsbA==",
          "dependencies": [
            "module.master.azurerm_network_security_group.masterNsg",
            "module.rg.azurerm_resource_group.cluster"
          ]
        }
      ]
    },
    {
      "module": "module.master",
      "mode": "managed",
      "type": "azurerm_network_security_rule",
      "name": "masterNsgApi",
      "provider": "provider.azurerm",
      "instances": [
        {
          "schema_version": 0,
          "attributes": {
            "access": "Allow",
            "description": "Openshift API port",
            "destination_address_prefix": "*",
            "destination_address_prefixes": null,
            "destination_application_security_group_ids": null,
            "destination_port_range": "443",
            "destination_port_ranges": null,
            "direction": "Inbound",
            "id": "/subscriptions/cac268a6-eb37-4048-a645-34b79e063341/resourceGroups/yjtest/providers/Microsoft.Network/networkSecurityGroups/NSGyjtestMASTER/securityRules/master-api",
            "name": "master-api",
            "network_security_group_name": "NSGyjtestMASTER",
            "priority": 550,
            "protocol": "Tcp",
            "resource_group_name": "yjtest",
            "source_address_prefix": "*",
            "source_address_prefixes": null,
            "source_application_security_group_ids": null,
            "source_port_range": "443",
            "source_port_ranges": null
          },
          "private": "bnVsbA==",
          "dependencies": [
            "module.master.azurerm_network_security_group.masterNsg",
            "module.rg.azurerm_resource_group.cluster"
          ]
        }
      ]
    },
    {
      "module": "module.master",
      "mode": "managed",
      "type": "azurerm_network_security_rule",
      "name": "masterNsgApiLb",
      "provider": "provider.azurerm",
      "instances": [
        {
          "schema_version": 0,
          "attributes": {
            "access": "Allow",
            "description": "Openshift API port",
            "destination_address_prefix": "",
            "destination_address_prefixes": null,
            "destination_application_security_group_ids": [
              "/subscriptions/cac268a6-eb37-4048-a645-34b79e063341/resourceGroups/yjtest/providers/Microsoft.Network/applicationSecurityGroups/ASGyjtest"
            ],
            "destination_port_range": "443",
            "destination_port_ranges": null,
            "direction": "Inbound",
            "id": "/subscriptions/cac268a6-eb37-4048-a645-34b79e063341/resourceGroups/yjtest/providers/Microsoft.Network/networkSecurityGroups/NSGyjtestMASTER/securityRules/master-api-lb",
            "name": "master-api-lb",
            "network_security_group_name": "NSGyjtestMASTER",
            "priority": 575,
            "protocol": "Tcp",
            "resource_group_name": "yjtest",
            "source_address_prefix": "",
            "source_address_prefixes": null,
            "source_application_security_group_ids": [
              "/subscriptions/cac268a6-eb37-4048-a645-34b79e063341/resourceGroups/yjtest/providers/Microsoft.Network/applicationSecurityGroups/ASGyjtest"
            ],
            "source_port_range": "443",
            "source_port_ranges": null
          },
          "private": "bnVsbA==",
          "dependencies": [
            "module.asg.azurerm_application_security_group.asg",
            "module.master.azurerm_network_security_group.masterNsg",
            "module.rg.azurerm_resource_group.cluster"
          ]
        }
      ]
    },
    {
      "module": "module.master",
      "mode": "managed",
      "type": "azurerm_network_security_rule",
      "name": "masterNsgKubelet",
      "provider": "provider.azurerm",
      "instances": [
        {
          "schema_version": 0,
          "attributes": {
            "access": "Allow",
            "description": "Openshift kubelet",
            "destination_address_prefix": "",
            "destination_address_prefixes": null,
            "destination_application_security_group_ids": [
              "/subscriptions/cac268a6-eb37-4048-a645-34b79e063341/resourceGroups/yjtest/providers/Microsoft.Network/applicationSecurityGroups/ASGyjtest"
            ],
            "destination_port_range": "10250",
            "destination_port_ranges": null,
            "direction": "Inbound",
            "id": "/subscriptions/cac268a6-eb37-4048-a645-34b79e063341/resourceGroups/yjtest/providers/Microsoft.Network/networkSecurityGroups/NSGyjtestMASTER/securityRules/master-node-kubelet",
            "name": "master-node-kubelet",
            "network_security_group_name": "NSGyjtestMASTER",
            "priority": 650,
            "protocol": "Tcp",
            "resource_group_name": "yjtest",
            "source_address_prefix": "",
            "source_address_prefixes": null,
            "source_application_security_group_ids": [
              "/subscriptions/cac268a6-eb37-4048-a645-34b79e063341/resourceGroups/yjtest/providers/Microsoft.Network/applicationSecurityGroups/ASGyjtest"
            ],
            "source_port_range": "10250",
            "source_port_ranges": null
          },
          "private": "bnVsbA==",
          "dependencies": [
            "module.asg.azurerm_application_security_group.asg",
            "module.master.azurerm_network_security_group.masterNsg",
            "module.rg.azurerm_resource_group.cluster"
          ]
        }
      ]
    },
    {
      "module": "module.master",
      "mode": "managed",
      "type": "azurerm_network_security_rule",
      "name": "masterNsgOcpTcp",
      "provider": "provider.azurerm",
      "instances": [
        {
          "schema_version": 0,
          "attributes": {
            "access": "Allow",
            "description": "Openshift TCP DNS and fluentd",
            "destination_address_prefix": "",
            "destination_address_prefixes": null,
            "destination_application_security_group_ids": [
              "/subscriptions/cac268a6-eb37-4048-a645-34b79e063341/resourceGroups/yjtest/providers/Microsoft.Network/applicationSecurityGroups/ASGyjtest"
            ],
            "destination_port_range": "8053",
            "destination_port_ranges": null,
            "direction": "Inbound",
            "id": "/subscriptions/cac268a6-eb37-4048-a645-34b79e063341/resourceGroups/yjtest/providers/Microsoft.Network/networkSecurityGroups/NSGyjtestMASTER/securityRules/master-ocp-tcp",
            "name": "master-ocp-tcp",
            "network_security_group_name": "NSGyjtestMASTER",
            "priority": 600,
            "protocol": "Tcp",
            "resource_group_name": "yjtest",
            "source_address_prefix": "",
            "source_address_prefixes": null,
            "source_application_security_group_ids": [
              "/subscriptions/cac268a6-eb37-4048-a645-34b79e063341/resourceGroups/yjtest/providers/Microsoft.Network/applicationSecurityGroups/ASGyjtest"
            ],
            "source_port_range": "8053",
            "source_port_ranges": null
          },
          "private": "bnVsbA==",
          "dependencies": [
            "module.asg.azurerm_application_security_group.asg",
            "module.master.azurerm_network_security_group.masterNsg",
            "module.rg.azurerm_resource_group.cluster"
          ]
        }
      ]
    },
    {
      "module": "module.master",
      "mode": "managed",
      "type": "azurerm_network_security_rule",
      "name": "masterNsgOcpUdp",
      "provider": "provider.azurerm",
      "instances": [
        {
          "schema_version": 0,
          "attributes": {
            "access": "Allow",
            "description": "Openshift UDP DNS and fluentd",
            "destination_address_prefix": "",
            "destination_address_prefixes": null,
            "destination_application_security_group_ids": [
              "/subscriptions/cac268a6-eb37-4048-a645-34b79e063341/resourceGroups/yjtest/providers/Microsoft.Network/applicationSecurityGroups/ASGyjtest"
            ],
            "destination_port_range": "8053",
            "destination_port_ranges": null,
            "direction": "Inbound",
            "id": "/subscriptions/cac268a6-eb37-4048-a645-34b79e063341/resourceGroups/yjtest/providers/Microsoft.Network/networkSecurityGroups/NSGyjtestMASTER/securityRules/master-ocp-udp",
            "name": "master-ocp-udp",
            "network_security_group_name": "NSGyjtestMASTER",
            "priority": 625,
            "protocol": "Udp",
            "resource_group_name": "yjtest",
            "source_address_prefix": "",
            "source_address_prefixes": null,
            "source_application_security_group_ids": [
              "/subscriptions/cac268a6-eb37-4048-a645-34b79e063341/resourceGroups/yjtest/providers/Microsoft.Network/applicationSecurityGroups/ASGyjtest"
            ],
            "source_port_range": "8053",
            "source_port_ranges": null
          },
          "private": "bnVsbA==",
          "dependencies": [
            "module.asg.azurerm_application_security_group.asg",
            "module.master.azurerm_network_security_group.masterNsg",
            "module.rg.azurerm_resource_group.cluster"
          ]
        }
      ]
    },
    {
      "module": "module.master",
      "mode": "managed",
      "type": "azurerm_network_security_rule",
      "name": "masterNsgSdn",
      "provider": "provider.azurerm",
      "instances": [
        {
          "schema_version": 0,
          "attributes": {
            "access": "Allow",
            "description": "Openshift sdn",
            "destination_address_prefix": "",
            "destination_address_prefixes": null,
            "destination_application_security_group_ids": [
              "/subscriptions/cac268a6-eb37-4048-a645-34b79e063341/resourceGroups/yjtest/providers/Microsoft.Network/applicationSecurityGroups/ASGyjtest"
            ],
            "destination_port_range": "4789",
            "destination_port_ranges": null,
            "direction": "Inbound",
            "id": "/subscriptions/cac268a6-eb37-4048-a645-34b79e063341/resourceGroups/yjtest/providers/Microsoft.Network/networkSecurityGroups/NSGyjtestMASTER/securityRules/master-node-sdn",
            "name": "master-node-sdn",
            "network_security_group_name": "NSGyjtestMASTER",
            "priority": 675,
            "protocol": "Udp",
            "resource_group_name": "yjtest",
            "source_address_prefix": "",
            "source_address_prefixes": null,
            "source_application_security_group_ids": [
              "/subscriptions/cac268a6-eb37-4048-a645-34b79e063341/resourceGroups/yjtest/providers/Microsoft.Network/applicationSecurityGroups/ASGyjtest"
            ],
            "source_port_range": "4789",
            "source_port_ranges": null
          },
          "private": "bnVsbA==",
          "dependencies": [
            "module.asg.azurerm_application_security_group.asg",
            "module.master.azurerm_network_security_group.masterNsg",
            "module.rg.azurerm_resource_group.cluster"
          ]
        }
      ]
    },
    {
      "module": "module.node",
      "mode": "managed",
      "type": "azurerm_network_security_rule",
      "name": "nodeNsgKubelet",
      "provider": "provider.azurerm",
      "instances": [
        {
          "schema_version": 0,
          "attributes": {
            "access": "Allow",
            "description": "Openshift kubelet",
            "destination_address_prefix": "",
            "destination_address_prefixes": null,
            "destination_application_security_group_ids": [
              "/subscriptions/cac268a6-eb37-4048-a645-34b79e063341/resourceGroups/yjtest/providers/Microsoft.Network/applicationSecurityGroups/ASGyjtest"
            ],
            "destination_port_range": "10250",
            "destination_port_ranges": null,
            "direction": "Inbound",
            "id": "/subscriptions/cac268a6-eb37-4048-a645-34b79e063341/resourceGroups/yjtest/providers/Microsoft.Network/networkSecurityGroups/NSGyjtestNODE/securityRules/node-node-kubelet",
            "name": "node-node-kubelet",
            "network_security_group_name": "NSGyjtestNODE",
            "priority": 575,
            "protocol": "Tcp",
            "resource_group_name": "yjtest",
            "source_address_prefix": "",
            "source_address_prefixes": null,
            "source_application_security_group_ids": [
              "/subscriptions/cac268a6-eb37-4048-a645-34b79e063341/resourceGroups/yjtest/providers/Microsoft.Network/applicationSecurityGroups/ASGyjtest"
            ],
            "source_port_range": "*",
            "source_port_ranges": null
          },
          "private": "bnVsbA==",
          "dependencies": [
            "module.asg.azurerm_application_security_group.asg",
            "module.node.azurerm_network_security_group.nodeNsg",
            "module.rg.azurerm_resource_group.cluster"
          ]
        }
      ]
    },
    {
      "module": "module.node",
      "mode": "managed",
      "type": "azurerm_network_security_rule",
      "name": "nodeNsgSSH",
      "provider": "provider.azurerm",
      "instances": [
        {
          "schema_version": 0,
          "attributes": {
            "access": "Allow",
            "description": "Openshift SSH from the bastions",
            "destination_address_prefix": "*",
            "destination_address_prefixes": null,
            "destination_application_security_group_ids": null,
            "destination_port_range": "22",
            "destination_port_ranges": null,
            "direction": "Inbound",
            "id": "/subscriptions/cac268a6-eb37-4048-a645-34b79e063341/resourceGroups/yjtest/providers/Microsoft.Network/networkSecurityGroups/NSGyjtestNODE/securityRules/node-ssh",
            "name": "node-ssh",
            "network_security_group_name": "NSGyjtestNODE",
            "priority": 500,
            "protocol": "Tcp",
            "resource_group_name": "yjtest",
            "source_address_prefix": "10.244.253.111",
            "source_address_prefixes": null,
            "source_application_security_group_ids": null,
            "source_port_range": "*",
            "source_port_ranges": null
          },
          "private": "bnVsbA==",
          "dependencies": [
            "module.node.azurerm_network_security_group.nodeNsg",
            "module.rg.azurerm_resource_group.cluster"
          ]
        }
      ]
    },
    {
      "module": "module.node",
      "mode": "managed",
      "type": "azurerm_network_security_rule",
      "name": "nodeNsgSdn",
      "provider": "provider.azurerm",
      "instances": [
        {
          "schema_version": 0,
          "attributes": {
            "access": "Allow",
            "description": "Openshift Sdn",
            "destination_address_prefix": "",
            "destination_address_prefixes": null,
            "destination_application_security_group_ids": [
              "/subscriptions/cac268a6-eb37-4048-a645-34b79e063341/resourceGroups/yjtest/providers/Microsoft.Network/applicationSecurityGroups/ASGyjtest"
            ],
            "destination_port_range": "4789",
            "destination_port_ranges": null,
            "direction": "Inbound",
            "id": "/subscriptions/cac268a6-eb37-4048-a645-34b79e063341/resourceGroups/yjtest/providers/Microsoft.Network/networkSecurityGroups/NSGyjtestNODE/securityRules/node-sdn",
            "name": "node-sdn",
            "network_security_group_name": "NSGyjtestNODE",
            "priority": 600,
            "protocol": "Udp",
            "resource_group_name": "yjtest",
            "source_address_prefix": "",
            "source_address_prefixes": null,
            "source_application_security_group_ids": [
              "/subscriptions/cac268a6-eb37-4048-a645-34b79e063341/resourceGroups/yjtest/providers/Microsoft.Network/applicationSecurityGroups/ASGyjtest"
            ],
            "source_port_range": "*",
            "source_port_ranges": null
          },
          "private": "bnVsbA==",
          "dependencies": [
            "module.asg.azurerm_application_security_group.asg",
            "module.node.azurerm_network_security_group.nodeNsg",
            "module.rg.azurerm_resource_group.cluster"
          ]
        }
      ]
    },
    {
      "module": "module.node",
      "mode": "managed",
      "type": "azurerm_network_security_rule",
      "name": "nodeNsgSdn2",
      "provider": "provider.azurerm",
      "instances": [
        {
          "schema_version": 0,
          "attributes": {
            "access": "Allow",
            "description": "Openshift Load Balancer health check",
            "destination_address_prefix": "",
            "destination_address_prefixes": null,
            "destination_application_security_group_ids": [
              "/subscriptions/cac268a6-eb37-4048-a645-34b79e063341/resourceGroups/yjtest/providers/Microsoft.Network/applicationSecurityGroups/ASGyjtest"
            ],
            "destination_port_range": "10256",
            "destination_port_ranges": null,
            "direction": "Inbound",
            "id": "/subscriptions/cac268a6-eb37-4048-a645-34b79e063341/resourceGroups/yjtest/providers/Microsoft.Network/networkSecurityGroups/NSGyjtestNODE/securityRules/node-node-sdn",
            "name": "node-node-sdn",
            "network_security_group_name": "NSGyjtestNODE",
            "priority": 625,
            "protocol": "Tcp",
            "resource_group_name": "yjtest",
            "source_address_prefix": "",
            "source_address_prefixes": null,
            "source_application_security_group_ids": [
              "/subscriptions/cac268a6-eb37-4048-a645-34b79e063341/resourceGroups/yjtest/providers/Microsoft.Network/applicationSecurityGroups/ASGyjtest"
            ],
            "source_port_range": "*",
            "source_port_ranges": null
          },
          "private": "bnVsbA==",
          "dependencies": [
            "module.asg.azurerm_application_security_group.asg",
            "module.node.azurerm_network_security_group.nodeNsg",
            "module.rg.azurerm_resource_group.cluster"
          ]
        }
      ]
    },
    {
      "module": "module.rg",
      "mode": "managed",
      "type": "azurerm_resource_group",
      "name": "cluster",
      "provider": "provider.azurerm",
      "instances": [
        {
          "schema_version": 0,
          "attributes": {
            "id": "/subscriptions/cac268a6-eb37-4048-a645-34b79e063341/resourceGroups/yjtest",
            "location": "westeurope",
            "name": "yjtest",
            "tags": {}
          },
          "private": "bnVsbA=="
        }
      ]
    },
    {
      "module": "module.storage",
      "mode": "managed",
      "type": "azurerm_storage_account",
      "name": "storage",
      "provider": "provider.azurerm",
      "instances": [
        {
          "schema_version": 2,
          "attributes": {
            "access_tier": "",
            "account_encryption_source": "Microsoft.Storage",
            "account_kind": "Storage",
            "account_replication_type": "LRS",
            "account_tier": "Standard",
            "account_type": "Standard_LRS",
            "custom_domain": [],
            "enable_blob_encryption": true,
            "enable_file_encryption": true,
            "enable_https_traffic_only": false,
            "id": "/subscriptions/cac268a6-eb37-4048-a645-34b79e063341/resourceGroups/yjtest/providers/Microsoft.Storage/storageAccounts/yjtest",
            "identity": [],
            "is_hns_enabled": false,
            "location": "westeurope",
            "name": "yjtest",
            "network_rules": [],
            "primary_access_key": "mnRQyGowiIlkoRNk/iIb+GXVd5pL6z8W72gtJQuyeWgrbn3QlPp+2KA153XJ1oyjbj8SX8ztJbiqwOYRdgDhzw==",
            "primary_blob_connection_string": "DefaultEndpointsProtocol=https;BlobEndpoint=https://yjtest.blob.core.windows.net/;AccountName=yjtest;AccountKey=mnRQyGowiIlkoRNk/iIb+GXVd5pL6z8W72gtJQuyeWgrbn3QlPp+2KA153XJ1oyjbj8SX8ztJbiqwOYRdgDhzw==",
            "primary_blob_endpoint": "https://yjtest.blob.core.windows.net/",
            "primary_blob_host": "yjtest.blob.core.windows.net",
            "primary_connection_string": "DefaultEndpointsProtocol=https;AccountName=yjtest;AccountKey=mnRQyGowiIlkoRNk/iIb+GXVd5pL6z8W72gtJQuyeWgrbn3QlPp+2KA153XJ1oyjbj8SX8ztJbiqwOYRdgDhzw==;EndpointSuffix=core.windows.net",
            "primary_dfs_endpoint": "",
            "primary_dfs_host": "",
            "primary_file_endpoint": "https://yjtest.file.core.windows.net/",
            "primary_file_host": "yjtest.file.core.windows.net",
            "primary_location": "westeurope",
            "primary_queue_endpoint": "https://yjtest.queue.core.windows.net/",
            "primary_queue_host": "yjtest.queue.core.windows.net",
            "primary_table_endpoint": "https://yjtest.table.core.windows.net/",
            "primary_table_host": "yjtest.table.core.windows.net",
            "primary_web_endpoint": "",
            "primary_web_host": "",
            "resource_group_name": "yjtest",
            "secondary_access_key": "jsKrBOcmQEHBl14Uxb9zv47IN6xuwedWAHiZrdC/q+DxXgp1Bjp1jxg3dTe2yDnh0zAGsha40nmEniIN1fPuWQ==",
            "secondary_blob_connection_string": "",
            "secondary_blob_endpoint": null,
            "secondary_blob_host": null,
            "secondary_connection_string": "DefaultEndpointsProtocol=https;AccountName=yjtest;AccountKey=jsKrBOcmQEHBl14Uxb9zv47IN6xuwedWAHiZrdC/q+DxXgp1Bjp1jxg3dTe2yDnh0zAGsha40nmEniIN1fPuWQ==;EndpointSuffix=core.windows.net",
            "secondary_dfs_endpoint": null,
            "secondary_dfs_host": null,
            "secondary_file_endpoint": null,
            "secondary_file_host": null,
            "secondary_location": "",
            "secondary_queue_endpoint": null,
            "secondary_queue_host": null,
            "secondary_table_endpoint": null,
            "secondary_table_host": null,
            "secondary_web_endpoint": null,
            "secondary_web_host": null,
            "tags": {}
          },
          "private": "eyJzY2hlbWFfdmVyc2lvbiI6IjIifQ==",
          "dependencies": [
            "module.rg.azurerm_resource_group.cluster"
          ]
        }
      ]
    },
    {
      "module": "module.storage",
      "mode": "managed",
      "type": "azurerm_storage_container",
      "name": "storage",
      "provider": "provider.azurerm",
      "instances": [
        {
          "schema_version": 1,
          "attributes": {
            "container_access_type": "private",
            "id": "https://yjtest.blob.core.windows.net/ocp-registry",
            "name": "ocp-registry",
            "properties": {
              "last_modified": "Tue, 16 Jun 2020 22:12:44 GMT",
              "lease_duration": "",
              "lease_state": "available",
              "lease_status": "unlocked"
            },
            "resource_group_name": "yjtest",
            "storage_account_name": "yjtest"
          },
          "private": "eyJzY2hlbWFfdmVyc2lvbiI6IjEifQ==",
          "dependencies": [
            "module.rg.azurerm_resource_group.cluster",
            "module.storage.azurerm_storage_account.storage"
          ]
        }
      ]
    },
    {
      "module": "module.infra",
      "mode": "managed",
      "type": "azurerm_virtual_machine",
      "name": "infra",
      "each": "list",
      "provider": "provider.azurerm",
      "instances": []
    },
    {
      "module": "module.master",
      "mode": "managed",
      "type": "azurerm_virtual_machine",
      "name": "master",
      "each": "list",
      "provider": "provider.azurerm",
      "instances": []
    },
    {
      "module": "module.node",
      "mode": "managed",
      "type": "azurerm_virtual_machine",
      "name": "node",
      "each": "list",
      "provider": "provider.azurerm",
      "instances": []
    }
  ]
}
